
Microsoft Visual Studio Solution File, Format Version 12.00
# Visual Studio Version 16
VisualStudioVersion = 16.0.29306.81
MinimumVisualStudioVersion = 10.0.40219.1
Project("{FAE04EC0-301F-11D3-BF4B-00C04F79EFBC}") = "AmplienceAPI", "AmplienceAPIProject\AmplienceAPI.csproj", "{20653858-DBAF-4A40-8C15-65056F7EF506}"
EndProject
Global
	GlobalSection(SolutionConfigurationPlatforms) = preSolution
		Debug|Any CPU = Debug|Any CPU
		Release|Any CPU = Release|Any CPU
	EndGlobalSection
	GlobalSection(ProjectConfigurationPlatforms) = postSolution
		{20653858-DBAF-4A40-8C15-65056F7EF506}.Debug|Any CPU.ActiveCfg = Debug|Any CPU
		{20653858-DBAF-4A40-8C15-65056F7EF506}.Debug|Any CPU.Build.0 = Debug|Any CPU
		{20653858-DBAF-4A40-8C15-65056F7EF506}.Release|Any CPU.ActiveCfg = Release|Any CPU
		{20653858-DBAF-4A40-8C15-65056F7EF506}.Release|Any CPU.Build.0 = Release|Any CPU
	EndGlobalSection
	GlobalSection(SolutionProperties) = preSolution
		HideSolutionNode = FALSE
	EndGlobalSection
	GlobalSection(ExtensibilityGlobals) = postSolution
		SolutionGuid = {D0E8C3C7-04E5-4494-A45D-18A3AA260B46}
	EndGlobalSection
EndGlobal
